{
  "originHash" : "38d3b13cd2636110f3d50804a7880cd4114a6151544781948ecf025a2b3399c4",
  "pins" : [
    {
      "identity" : "cosmos",
      "kind" : "remoteSourceControl",
      "location" : "https://github.com/evgenyneu/Cosmos",
      "state" : {
        "revision" : "40ba10aaf175bf50abefd0e518bd3b40862af3b1",
        "version" : "25.0.1"
      }
    },
    {
      "identity" : "kingfisher",
      "kind" : "remoteSourceControl",
      "location" : "https://github.com/onevcat/Kingfisher",
      "state" : {
        "revision" : "d30a5fad881137e2267f96a8e3fc35c58999bb94",
        "version" : "8.6.2"
      }
    },
    {
      "identity" : "reachability.swift",
      "kind" : "remoteSourceControl",
      "location" : "https://github.com/ashleymills/Reachability.swift",
      "state" : {
        "branch" : "master",
        "revision" : "21d1dc412cfecbe6e34f1f4c4eb88d3f912654a6"
      }
    }
  ],
  "version" : 3
}
